// !$*UTF8*$!
{
	archiveVersion = 1;
	classes = {
	};
	objectVersion = 56;
	objects = {

/* Begin PBXBuildFile section */
		6B06E7FB2BF967B20059ACB0 /* AppDelegate.swift in Sources */ = {isa = PBXBuildFile; fileRef = 6B06E7FA2BF967B20059ACB0 /* AppDelegate.swift */; };
		6B06E7FD2BF967B20059ACB0 /* SceneDelegate.swift in Sources */ = {isa = PBXBuildFile; fileRef = 6B06E7FC2BF967B20059ACB0 /* SceneDelegate.swift */; };
		6B06E7FF2BF967B20059ACB0 /* StartViewController.swift in Sources */ = {isa = PBXBuildFile; fileRef = 6B06E7FE2BF967B20059ACB0 /* StartViewController.swift */; };
		6B06E8042BF967B40059ACB0 /* Assets.xcassets in Resources */ = {isa = PBXBuildFile; fileRef = 6B06E8032BF967B40059ACB0 /* Assets.xcassets */; };
		6B06E8072BF967B40059ACB0 /* Base in Resources */ = {isa = PBXBuildFile; fileRef = 6B06E8062BF967B40059ACB0 /* Base */; };
		6B06E8132BF96E690059ACB0 /* CoreDataModel.xcdatamodeld in Sources */ = {isa = PBXBuildFile; fileRef = 6B06E8112BF96E690059ACB0 /* CoreDataModel.xcdatamodeld */; };
		6B06E8162BF9704E0059ACB0 /* CoreDataManager.swift in Sources */ = {isa = PBXBuildFile; fileRef = 6B06E8152BF9704E0059ACB0 /* CoreDataManager.swift */; };
		6B06E81A2BF971ED0059ACB0 /* Messages+CoreDataProperties.swift in Sources */ = {isa = PBXBuildFile; fileRef = 6B06E8182BF971ED0059ACB0 /* Messages+CoreDataProperties.swift */; };
		6B06E8292BF9DAF20059ACB0 /* CoreDataManagerTest.swift in Sources */ = {isa = PBXBuildFile; fileRef = 6B06E8282BF9DAF20059ACB0 /* CoreDataManagerTest.swift */; };
		6B06E82E2BF9EEEF0059ACB0 /* OpenAIChatService.swift in Sources */ = {isa = PBXBuildFile; fileRef = 6B06E82D2BF9EEEF0059ACB0 /* OpenAIChatService.swift */; };
		6BABB2472BFA3F95000AE01E /* OpenAIChatServiceModel.swift in Sources */ = {isa = PBXBuildFile; fileRef = 6BABB2462BFA3F95000AE01E /* OpenAIChatServiceModel.swift */; };
/* End PBXBuildFile section */

/* Begin PBXContainerItemProxy section */
		6B06E8232BF975F10059ACB0 /* PBXContainerItemProxy */ = {
			isa = PBXContainerItemProxy;
			containerPortal = 6B06E7EF2BF967B20059ACB0 /* Project object */;
			proxyType = 1;
			remoteGlobalIDString = 6B06E7F62BF967B20059ACB0;
			remoteInfo = AppForMyDaughter;
		};
/* End PBXContainerItemProxy section */

/* Begin PBXFileReference section */
		6B06E7F72BF967B20059ACB0 /* AppForMyDaughter.app */ = {isa = PBXFileReference; explicitFileType = wrapper.application; includeInIndex = 0; path = AppForMyDaughter.app; sourceTree = BUILT_PRODUCTS_DIR; };
		6B06E7FA2BF967B20059ACB0 /* AppDelegate.swift */ = {isa = PBXFileReference; lastKnownFileType = sourcecode.swift; path = AppDelegate.swift; sourceTree = "<group>"; };
		6B06E7FC2BF967B20059ACB0 /* SceneDelegate.swift */ = {isa = PBXFileReference; lastKnownFileType = sourcecode.swift; path = SceneDelegate.swift; sourceTree = "<group>"; };
		6B06E7FE2BF967B20059ACB0 /* StartViewController.swift */ = {isa = PBXFileReference; lastKnownFileType = sourcecode.swift; path = StartViewController.swift; sourceTree = "<group>"; };
		6B06E8032BF967B40059ACB0 /* Assets.xcassets */ = {isa = PBXFileReference; lastKnownFileType = folder.assetcatalog; path = Assets.xcassets; sourceTree = "<group>"; };
		6B06E8062BF967B40059ACB0 /* Base */ = {isa = PBXFileReference; lastKnownFileType = file.storyboard; name = Base; path = Base.lproj/LaunchScreen.storyboard; sourceTree = "<group>"; };
		6B06E8082BF967B40059ACB0 /* Info.plist */ = {isa = PBXFileReference; lastKnownFileType = text.plist.xml; path = Info.plist; sourceTree = "<group>"; };
		6B06E8122BF96E690059ACB0 /* CoreDataModel.xcdatamodel */ = {isa = PBXFileReference; lastKnownFileType = wrapper.xcdatamodel; path = CoreDataModel.xcdatamodel; sourceTree = "<group>"; };
		6B06E8152BF9704E0059ACB0 /* CoreDataManager.swift */ = {isa = PBXFileReference; lastKnownFileType = sourcecode.swift; path = CoreDataManager.swift; sourceTree = "<group>"; };
		6B06E8182BF971ED0059ACB0 /* Messages+CoreDataProperties.swift */ = {isa = PBXFileReference; lastKnownFileType = sourcecode.swift; path = "Messages+CoreDataProperties.swift"; sourceTree = "<group>"; };
		6B06E81F2BF975F00059ACB0 /* AppTest.xctest */ = {isa = PBXFileReference; explicitFileType = wrapper.cfbundle; includeInIndex = 0; path = AppTest.xctest; sourceTree = BUILT_PRODUCTS_DIR; };
		6B06E8282BF9DAF20059ACB0 /* CoreDataManagerTest.swift */ = {isa = PBXFileReference; lastKnownFileType = sourcecode.swift; path = CoreDataManagerTest.swift; sourceTree = "<group>"; };
		6B06E82D2BF9EEEF0059ACB0 /* OpenAIChatService.swift */ = {isa = PBXFileReference; lastKnownFileType = sourcecode.swift; path = OpenAIChatService.swift; sourceTree = "<group>"; };
		6BABB2462BFA3F95000AE01E /* OpenAIChatServiceModel.swift */ = {isa = PBXFileReference; lastKnownFileType = sourcecode.swift; path = OpenAIChatServiceModel.swift; sourceTree = "<group>"; };
/* End PBXFileReference section */

/* Begin PBXFrameworksBuildPhase section */
		6B06E7F42BF967B20059ACB0 /* Frameworks */ = {
			isa = PBXFrameworksBuildPhase;
			buildActionMask = 2147483647;
			files = (
			);
			runOnlyForDeploymentPostprocessing = 0;
		};
		6B06E81C2BF975F00059ACB0 /* Frameworks */ = {
			isa = PBXFrameworksBuildPhase;
			buildActionMask = 2147483647;
			files = (
			);
			runOnlyForDeploymentPostprocessing = 0;
		};
/* End PBXFrameworksBuildPhase section */

/* Begin PBXGroup section */
		6B06E7EE2BF967B20059ACB0 = {
			isa = PBXGroup;
			children = (
				6B06E7F92BF967B20059ACB0 /* AppForMyDaughter */,
				6B06E7F82BF967B20059ACB0 /* Products */,
			);
			sourceTree = "<group>";
		};
		6B06E7F82BF967B20059ACB0 /* Products */ = {
			isa = PBXGroup;
			children = (
				6B06E7F72BF967B20059ACB0 /* AppForMyDaughter.app */,
				6B06E81F2BF975F00059ACB0 /* AppTest.xctest */,
			);
			name = Products;
			sourceTree = "<group>";
		};
		6B06E7F92BF967B20059ACB0 /* AppForMyDaughter */ = {
			isa = PBXGroup;
			children = (
				6B06E82C2BF9EEAA0059ACB0 /* Service */,
				6B06E8102BF96D9C0059ACB0 /* Presenter */,
				6B06E8142BF9703F0059ACB0 /* Data */,
				6B06E80F2BF96D680059ACB0 /* AppSetting */,
				6B06E80E2BF96B750059ACB0 /* Other */,
				6B06E8202BF975F10059ACB0 /* AppTest */,
				6B06E8112BF96E690059ACB0 /* CoreDataModel.xcdatamodeld */,
			);
			path = AppForMyDaughter;
			sourceTree = "<group>";
		};
		6B06E80E2BF96B750059ACB0 /* Other */ = {
			isa = PBXGroup;
			children = (
				6B06E8052BF967B40059ACB0 /* LaunchScreen.storyboard */,
				6B06E8032BF967B40059ACB0 /* Assets.xcassets */,
				6B06E8082BF967B40059ACB0 /* Info.plist */,
			);
			path = Other;
			sourceTree = "<group>";
		};
		6B06E80F2BF96D680059ACB0 /* AppSetting */ = {
			isa = PBXGroup;
			children = (
				6B06E7FA2BF967B20059ACB0 /* AppDelegate.swift */,
				6B06E7FC2BF967B20059ACB0 /* SceneDelegate.swift */,
			);
			path = AppSetting;
			sourceTree = "<group>";
		};
		6B06E8102BF96D9C0059ACB0 /* Presenter */ = {
			isa = PBXGroup;
			children = (
				6B06E7FE2BF967B20059ACB0 /* StartViewController.swift */,
			);
			path = Presenter;
			sourceTree = "<group>";
		};
		6B06E8142BF9703F0059ACB0 /* Data */ = {
			isa = PBXGroup;
			children = (
				6B06E8182BF971ED0059ACB0 /* Messages+CoreDataProperties.swift */,
				6B06E8152BF9704E0059ACB0 /* CoreDataManager.swift */,
			);
			path = Data;
			sourceTree = "<group>";
		};
		6B06E8202BF975F10059ACB0 /* AppTest */ = {
			isa = PBXGroup;
			children = (
				6B06E8282BF9DAF20059ACB0 /* CoreDataManagerTest.swift */,
			);
			path = AppTest;
			sourceTree = "<group>";
		};
		6B06E82C2BF9EEAA0059ACB0 /* Service */ = {
			isa = PBXGroup;
			children = (
				6BABB2452BFA3F51000AE01E /* OpenAIChatService */,
			);
			path = Service;
			sourceTree = "<group>";
		};
		6BABB2452BFA3F51000AE01E /* OpenAIChatService */ = {
			isa = PBXGroup;
			children = (
				6B06E82D2BF9EEEF0059ACB0 /* OpenAIChatService.swift */,
				6BABB2462BFA3F95000AE01E /* OpenAIChatServiceModel.swift */,
			);
			path = OpenAIChatService;
			sourceTree = "<group>";
		};
/* End PBXGroup section */

/* Begin PBXNativeTarget section */
		6B06E7F62BF967B20059ACB0 /* AppForMyDaughter */ = {
			isa = PBXNativeTarget;
			buildConfigurationList = 6B06E80B2BF967B40059ACB0 /* Build configuration list for PBXNativeTarget "AppForMyDaughter" */;
			buildPhases = (
				6B06E7F32BF967B20059ACB0 /* Sources */,
				6B06E7F42BF967B20059ACB0 /* Frameworks */,
				6B06E7F52BF967B20059ACB0 /* Resources */,
			);
			buildRules = (
			);
			dependencies = (
			);
			name = AppForMyDaughter;
			productName = AppForMyDaughter;
			productReference = 6B06E7F72BF967B20059ACB0 /* AppForMyDaughter.app */;
			productType = "com.apple.product-type.application";
		};
		6B06E81E2BF975F00059ACB0 /* AppTest */ = {
			isa = PBXNativeTarget;
			buildConfigurationList = 6B06E8252BF975F10059ACB0 /* Build configuration list for PBXNativeTarget "AppTest" */;
			buildPhases = (
				6B06E81B2BF975F00059ACB0 /* Sources */,
				6B06E81C2BF975F00059ACB0 /* Frameworks */,
				6B06E81D2BF975F00059ACB0 /* Resources */,
			);
			buildRules = (
			);
			dependencies = (
				6B06E8242BF975F10059ACB0 /* PBXTargetDependency */,
			);
			name = AppTest;
			productName = AppTest;
			productReference = 6B06E81F2BF975F00059ACB0 /* AppTest.xctest */;
			productType = "com.apple.product-type.bundle.unit-test";
		};
/* End PBXNativeTarget section */

/* Begin PBXProject section */
		6B06E7EF2BF967B20059ACB0 /* Project object */ = {
			isa = PBXProject;
			attributes = {
				BuildIndependentTargetsInParallel = 1;
				LastSwiftUpdateCheck = 1540;
				LastUpgradeCheck = 1540;
				TargetAttributes = {
					6B06E7F62BF967B20059ACB0 = {
						CreatedOnToolsVersion = 15.4;
					};
					6B06E81E2BF975F00059ACB0 = {
						CreatedOnToolsVersion = 15.4;
						TestTargetID = 6B06E7F62BF967B20059ACB0;
					};
				};
			};
			buildConfigurationList = 6B06E7F22BF967B20059ACB0 /* Build configuration list for PBXProject "AppForMyDaughter" */;
			compatibilityVersion = "Xcode 14.0";
			developmentRegion = en;
			hasScannedForEncodings = 0;
			knownRegions = (
				en,
				Base,
			);
			mainGroup = 6B06E7EE2BF967B20059ACB0;
			productRefGroup = 6B06E7F82BF967B20059ACB0 /* Products */;
			projectDirPath = "";
			projectRoot = "";
			targets = (
				6B06E7F62BF967B20059ACB0 /* AppForMyDaughter */,
				6B06E81E2BF975F00059ACB0 /* AppTest */,
			);
		};
/* End PBXProject section */

/* Begin PBXResourcesBuildPhase section */
		6B06E7F52BF967B20059ACB0 /* Resources */ = {
			isa = PBXResourcesBuildPhase;
			buildActionMask = 2147483647;
			files = (
				6B06E8042BF967B40059ACB0 /* Assets.xcassets in Resources */,
				6B06E8072BF967B40059ACB0 /* Base in Resources */,
			);
			runOnlyForDeploymentPostprocessing = 0;
		};
		6B06E81D2BF975F00059ACB0 /* Resources */ = {
			isa = PBXResourcesBuildPhase;
			buildActionMask = 2147483647;
			files = (
			);
			runOnlyForDeploymentPostprocessing = 0;
		};
/* End PBXResourcesBuildPhase section */

/* Begin PBXSourcesBuildPhase section */
		6B06E7F32BF967B20059ACB0 /* Sources */ = {
			isa = PBXSourcesBuildPhase;
			buildActionMask = 2147483647;
			files = (
				6B06E7FF2BF967B20059ACB0 /* StartViewController.swift in Sources */,
				6B06E82E2BF9EEEF0059ACB0 /* OpenAIChatService.swift in Sources */,
				6B06E7FB2BF967B20059ACB0 /* AppDelegate.swift in Sources */,
				6B06E8132BF96E690059ACB0 /* CoreDataModel.xcdatamodeld in Sources */,
				6B06E8162BF9704E0059ACB0 /* CoreDataManager.swift in Sources */,
				6BABB2472BFA3F95000AE01E /* OpenAIChatServiceModel.swift in Sources */,
				6B06E81A2BF971ED0059ACB0 /* Messages+CoreDataProperties.swift in Sources */,
				6B06E7FD2BF967B20059ACB0 /* SceneDelegate.swift in Sources */,
			);
			runOnlyForDeploymentPostprocessing = 0;
		};
		6B06E81B2BF975F00059ACB0 /* Sources */ = {
			isa = PBXSourcesBuildPhase;
			buildActionMask = 2147483647;
			files = (
				6B06E8292BF9DAF20059ACB0 /* CoreDataManagerTest.swift in Sources */,
			);
			runOnlyForDeploymentPostprocessing = 0;
		};
/* End PBXSourcesBuildPhase section */

/* Begin PBXTargetDependency section */
		6B06E8242BF975F10059ACB0 /* PBXTargetDependency */ = {
			isa = PBXTargetDependency;
			target = 6B06E7F62BF967B20059ACB0 /* AppForMyDaughter */;
			targetProxy = 6B06E8232BF975F10059ACB0 /* PBXContainerItemProxy */;
		};
/* End PBXTargetDependency section */

/* Begin PBXVariantGroup section */
		6B06E8052BF967B40059ACB0 /* LaunchScreen.storyboard */ = {
			isa = PBXVariantGroup;
			children = (
				6B06E8062BF967B40059ACB0 /* Base */,
			);
			name = LaunchScreen.storyboard;
			sourceTree = "<group>";
		};
/* End PBXVariantGroup section */

/* Begin XCBuildConfiguration section */
		6B06E8092BF967B40059ACB0 /* Debug */ = {
			isa = XCBuildConfiguration;
			buildSettings = {
				ALWAYS_SEARCH_USER_PATHS = NO;
				ASSETCATALOG_COMPILER_GENERATE_SWIFT_ASSET_SYMBOL_EXTENSIONS = YES;
				CLANG_ANALYZER_NONNULL = YES;
				CLANG_ANALYZER_NUMBER_OBJECT_CONVERSION = YES_AGGRESSIVE;
				CLANG_CXX_LANGUAGE_STANDARD = "gnu++20";
				CLANG_ENABLE_MODULES = YES;
				CLANG_ENABLE_OBJC_ARC = YES;
				CLANG_ENABLE_OBJC_WEAK = YES;
				CLANG_WARN_BLOCK_CAPTURE_AUTORELEASING = YES;
				CLANG_WARN_BOOL_CONVERSION = YES;
				CLANG_WARN_COMMA = YES;
				CLANG_WARN_CONSTANT_CONVERSION = YES;
				CLANG_WARN_DEPRECATED_OBJC_IMPLEMENTATIONS = YES;
				CLANG_WARN_DIRECT_OBJC_ISA_USAGE = YES_ERROR;
				CLANG_WARN_DOCUMENTATION_COMMENTS = YES;
				CLANG_WARN_EMPTY_BODY = YES;
				CLANG_WARN_ENUM_CONVERSION = YES;
				CLANG_WARN_INFINITE_RECURSION = YES;
				CLANG_WARN_INT_CONVERSION = YES;
				CLANG_WARN_NON_LITERAL_NULL_CONVERSION = YES;
				CLANG_WARN_OBJC_IMPLICIT_RETAIN_SELF = YES;
				CLANG_WARN_OBJC_LITERAL_CONVERSION = YES;
				CLANG_WARN_OBJC_ROOT_CLASS = YES_ERROR;
				CLANG_WARN_QUOTED_INCLUDE_IN_FRAMEWORK_HEADER = YES;
				CLANG_WARN_RANGE_LOOP_ANALYSIS = YES;
				CLANG_WARN_STRICT_PROTOTYPES = YES;
				CLANG_WARN_SUSPICIOUS_MOVE = YES;
				CLANG_WARN_UNGUARDED_AVAILABILITY = YES_AGGRESSIVE;
				CLANG_WARN_UNREACHABLE_CODE = YES;
				CLANG_WARN__DUPLICATE_METHOD_MATCH = YES;
				COPY_PHASE_STRIP = NO;
				DEBUG_INFORMATION_FORMAT = dwarf;
				ENABLE_STRICT_OBJC_MSGSEND = YES;
				ENABLE_TESTABILITY = YES;
				ENABLE_USER_SCRIPT_SANDBOXING = YES;
				GCC_C_LANGUAGE_STANDARD = gnu17;
				GCC_DYNAMIC_NO_PIC = NO;
				GCC_NO_COMMON_BLOCKS = YES;
				GCC_OPTIMIZATION_LEVEL = 0;
				GCC_PREPROCESSOR_DEFINITIONS = (
					"DEBUG=1",
					"$(inherited)",
				);
				GCC_WARN_64_TO_32_BIT_CONVERSION = YES;
				GCC_WARN_ABOUT_RETURN_TYPE = YES_ERROR;
				GCC_WARN_UNDECLARED_SELECTOR = YES;
				GCC_WARN_UNINITIALIZED_AUTOS = YES_AGGRESSIVE;
				GCC_WARN_UNUSED_FUNCTION = YES;
				GCC_WARN_UNUSED_VARIABLE = YES;
				IPHONEOS_DEPLOYMENT_TARGET = 17.5;
				LOCALIZATION_PREFERS_STRING_CATALOGS = YES;
				MTL_ENABLE_DEBUG_INFO = INCLUDE_SOURCE;
				MTL_FAST_MATH = YES;
				ONLY_ACTIVE_ARCH = YES;
				SDKROOT = iphoneos;
				SWIFT_ACTIVE_COMPILATION_CONDITIONS = "DEBUG $(inherited)";
				SWIFT_OPTIMIZATION_LEVEL = "-Onone";
			};
			name = Debug;
		};
		6B06E80A2BF967B40059ACB0 /* Release */ = {
			isa = XCBuildConfiguration;
			buildSettings = {
				ALWAYS_SEARCH_USER_PATHS = NO;
				ASSETCATALOG_COMPILER_GENERATE_SWIFT_ASSET_SYMBOL_EXTENSIONS = YES;
				CLANG_ANALYZER_NONNULL = YES;
				CLANG_ANALYZER_NUMBER_OBJECT_CONVERSION = YES_AGGRESSIVE;
				CLANG_CXX_LANGUAGE_STANDARD = "gnu++20";
				CLANG_ENABLE_MODULES = YES;
				CLANG_ENABLE_OBJC_ARC = YES;
				CLANG_ENABLE_OBJC_WEAK = YES;
				CLANG_WARN_BLOCK_CAPTURE_AUTORELEASING = YES;
				CLANG_WARN_BOOL_CONVERSION = YES;
				CLANG_WARN_COMMA = YES;
				CLANG_WARN_CONSTANT_CONVERSION = YES;
				CLANG_WARN_DEPRECATED_OBJC_IMPLEMENTATIONS = YES;
				CLANG_WARN_DIRECT_OBJC_ISA_USAGE = YES_ERROR;
				CLANG_WARN_DOCUMENTATION_COMMENTS = YES;
				CLANG_WARN_EMPTY_BODY = YES;
				CLANG_WARN_ENUM_CONVERSION = YES;
				CLANG_WARN_INFINITE_RECURSION = YES;
				CLANG_WARN_INT_CONVERSION = YES;
				CLANG_WARN_NON_LITERAL_NULL_CONVERSION = YES;
				CLANG_WARN_OBJC_IMPLICIT_RETAIN_SELF = YES;
				CLANG_WARN_OBJC_LITERAL_CONVERSION = YES;
				CLANG_WARN_OBJC_ROOT_CLASS = YES_ERROR;
				CLANG_WARN_QUOTED_INCLUDE_IN_FRAMEWORK_HEADER = YES;
				CLANG_WARN_RANGE_LOOP_ANALYSIS = YES;
				CLANG_WARN_STRICT_PROTOTYPES = YES;
				CLANG_WARN_SUSPICIOUS_MOVE = YES;
				CLANG_WARN_UNGUARDED_AVAILABILITY = YES_AGGRESSIVE;
				CLANG_WARN_UNREACHABLE_CODE = YES;
				CLANG_WARN__DUPLICATE_METHOD_MATCH = YES;
				COPY_PHASE_STRIP = NO;
				DEBUG_INFORMATION_FORMAT = "dwarf-with-dsym";
				ENABLE_NS_ASSERTIONS = NO;
				ENABLE_STRICT_OBJC_MSGSEND = YES;
				ENABLE_USER_SCRIPT_SANDBOXING = YES;
				GCC_C_LANGUAGE_STANDARD = gnu17;
				GCC_NO_COMMON_BLOCKS = YES;
				GCC_WARN_64_TO_32_BIT_CONVERSION = YES;
				GCC_WARN_ABOUT_RETURN_TYPE = YES_ERROR;
				GCC_WARN_UNDECLARED_SELECTOR = YES;
				GCC_WARN_UNINITIALIZED_AUTOS = YES_AGGRESSIVE;
				GCC_WARN_UNUSED_FUNCTION = YES;
				GCC_WARN_UNUSED_VARIABLE = YES;
				IPHONEOS_DEPLOYMENT_TARGET = 17.5;
				LOCALIZATION_PREFERS_STRING_CATALOGS = YES;
				MTL_ENABLE_DEBUG_INFO = NO;
				MTL_FAST_MATH = YES;
				SDKROOT = iphoneos;
				SWIFT_COMPILATION_MODE = wholemodule;
				VALIDATE_PRODUCT = YES;
			};
			name = Release;
		};
		6B06E80C2BF967B40059ACB0 /* Debug */ = {
			isa = XCBuildConfiguration;
			buildSettings = {
				ASSETCATALOG_COMPILER_APPICON_NAME = AppIcon;
				ASSETCATALOG_COMPILER_GLOBAL_ACCENT_COLOR_NAME = AccentColor;
				CODE_SIGN_STYLE = Automatic;
				CURRENT_PROJECT_VERSION = 1;
				DEVELOPMENT_TEAM = YC6QRM4PC2;
				GENERATE_INFOPLIST_FILE = YES;
				INFOPLIST_FILE = AppForMyDaughter/Other/Info.plist;
				INFOPLIST_KEY_UIApplicationSupportsIndirectInputEvents = YES;
				INFOPLIST_KEY_UILaunchStoryboardName = LaunchScreen;
				INFOPLIST_KEY_UISupportedInterfaceOrientations_iPad = "UIInterfaceOrientationPortrait UIInterfaceOrientationPortraitUpsideDown UIInterfaceOrientationLandscapeLeft UIInterfaceOrientationLandscapeRight";
				INFOPLIST_KEY_UISupportedInterfaceOrientations_iPhone = "UIInterfaceOrientationPortrait UIInterfaceOrientationLandscapeLeft UIInterfaceOrientationLandscapeRight";
				LD_RUNPATH_SEARCH_PATHS = (
					"$(inherited)",
					"@executable_path/Frameworks",
				);
				MARKETING_VERSION = 1.0;
				PRODUCT_BUNDLE_IDENTIFIER = emerosro.AppForMyDaughter;
				PRODUCT_NAME = "$(TARGET_NAME)";
				SUPPORTED_PLATFORMS = "iphoneos iphonesimulator";
				SUPPORTS_MACCATALYST = NO;
				SUPPORTS_MAC_DESIGNED_FOR_IPHONE_IPAD = NO;
				SUPPORTS_XR_DESIGNED_FOR_IPHONE_IPAD = NO;
				SWIFT_EMIT_LOC_STRINGS = YES;
				SWIFT_VERSION = 5.0;
				TARGETED_DEVICE_FAMILY = 1;
			};
			name = Debug;
		};
		6B06E80D2BF967B40059ACB0 /* Release */ = {
			isa = XCBuildConfiguration;
			buildSettings = {
				ASSETCATALOG_COMPILER_APPICON_NAME = AppIcon;
				ASSETCATALOG_COMPILER_GLOBAL_ACCENT_COLOR_NAME = AccentColor;
				CODE_SIGN_STYLE = Automatic;
				CURRENT_PROJECT_VERSION = 1;
				DEVELOPMENT_TEAM = YC6QRM4PC2;
				GENERATE_INFOPLIST_FILE = YES;
				INFOPLIST_FILE = AppForMyDaughter/Other/Info.plist;
				INFOPLIST_KEY_UIApplicationSupportsIndirectInputEvents = YES;
				INFOPLIST_KEY_UILaunchStoryboardName = LaunchScreen;
				INFOPLIST_KEY_UISupportedInterfaceOrientations_iPad = "UIInterfaceOrientationPortrait UIInterfaceOrientationPortraitUpsideDown UIInterfaceOrientationLandscapeLeft UIInterfaceOrientationLandscapeRight";
				INFOPLIST_KEY_UISupportedInterfaceOrientations_iPhone = "UIInterfaceOrientationPortrait UIInterfaceOrientationLandscapeLeft UIInterfaceOrientationLandscapeRight";
				LD_RUNPATH_SEARCH_PATHS = (
					"$(inherited)",
					"@executable_path/Frameworks",
				);
				MARKETING_VERSION = 1.0;
				PRODUCT_BUNDLE_IDENTIFIER = emerosro.AppForMyDaughter;
				PRODUCT_NAME = "$(TARGET_NAME)";
				SUPPORTED_PLATFORMS = "iphoneos iphonesimulator";
				SUPPORTS_MACCATALYST = NO;
				SUPPORTS_MAC_DESIGNED_FOR_IPHONE_IPAD = NO;
				SUPPORTS_XR_DESIGNED_FOR_IPHONE_IPAD = NO;
				SWIFT_EMIT_LOC_STRINGS = YES;
				SWIFT_VERSION = 5.0;
				TARGETED_DEVICE_FAMILY = 1;
			};
			name = Release;
		};
		6B06E8262BF975F10059ACB0 /* Debug */ = {
			isa = XCBuildConfiguration;
			buildSettings = {
				BUNDLE_LOADER = "$(TEST_HOST)";
				CODE_SIGN_STYLE = Automatic;
				CURRENT_PROJECT_VERSION = 1;
				DEVELOPMENT_TEAM = YC6QRM4PC2;
				GENERATE_INFOPLIST_FILE = YES;
				MARKETING_VERSION = 1.0;
				PRODUCT_BUNDLE_IDENTIFIER = emerosro.AppTest;
				PRODUCT_NAME = "$(TARGET_NAME)";
				SWIFT_EMIT_LOC_STRINGS = NO;
				SWIFT_VERSION = 5.0;
				TARGETED_DEVICE_FAMILY = "1,2";
				TEST_HOST = "$(BUILT_PRODUCTS_DIR)/AppForMyDaughter.app/$(BUNDLE_EXECUTABLE_FOLDER_PATH)/AppForMyDaughter";
			};
			name = Debug;
		};
		6B06E8272BF975F10059ACB0 /* Release */ = {
			isa = XCBuildConfiguration;
			buildSettings = {
				BUNDLE_LOADER = "$(TEST_HOST)";
				CODE_SIGN_STYLE = Automatic;
				CURRENT_PROJECT_VERSION = 1;
				DEVELOPMENT_TEAM = YC6QRM4PC2;
				GENERATE_INFOPLIST_FILE = YES;
				MARKETING_VERSION = 1.0;
				PRODUCT_BUNDLE_IDENTIFIER = emerosro.AppTest;
				PRODUCT_NAME = "$(TARGET_NAME)";
				SWIFT_EMIT_LOC_STRINGS = NO;
				SWIFT_VERSION = 5.0;
				TARGETED_DEVICE_FAMILY = "1,2";
				TEST_HOST = "$(BUILT_PRODUCTS_DIR)/AppForMyDaughter.app/$(BUNDLE_EXECUTABLE_FOLDER_PATH)/AppForMyDaughter";
			};
			name = Release;
		};
/* End XCBuildConfiguration section */

/* Begin XCConfigurationList section */
		6B06E7F22BF967B20059ACB0 /* Build configuration list for PBXProject "AppForMyDaughter" */ = {
			isa = XCConfigurationList;
			buildConfigurations = (
				6B06E8092BF967B40059ACB0 /* Debug */,
				6B06E80A2BF967B40059ACB0 /* Release */,
			);
			defaultConfigurationIsVisible = 0;
			defaultConfigurationName = Release;
		};
		6B06E80B2BF967B40059ACB0 /* Build configuration list for PBXNativeTarget "AppForMyDaughter" */ = {
			isa = XCConfigurationList;
			buildConfigurations = (
				6B06E80C2BF967B40059ACB0 /* Debug */,
				6B06E80D2BF967B40059ACB0 /* Release */,
			);
			defaultConfigurationIsVisible = 0;
			defaultConfigurationName = Release;
		};
		6B06E8252BF975F10059ACB0 /* Build configuration list for PBXNativeTarget "AppTest" */ = {
			isa = XCConfigurationList;
			buildConfigurations = (
				6B06E8262BF975F10059ACB0 /* Debug */,
				6B06E8272BF975F10059ACB0 /* Release */,
			);
			defaultConfigurationIsVisible = 0;
			defaultConfigurationName = Release;
		};
/* End XCConfigurationList section */

/* Begin XCVersionGroup section */
		6B06E8112BF96E690059ACB0 /* CoreDataModel.xcdatamodeld */ = {
			isa = XCVersionGroup;
			children = (
				6B06E8122BF96E690059ACB0 /* CoreDataModel.xcdatamodel */,
			);
			currentVersion = 6B06E8122BF96E690059ACB0 /* CoreDataModel.xcdatamodel */;
			path = CoreDataModel.xcdatamodeld;
			sourceTree = "<group>";
			versionGroupType = wrapper.xcdatamodel;
		};
/* End XCVersionGroup section */
	};
	rootObject = 6B06E7EF2BF967B20059ACB0 /* Project object */;
}
